
Microsoft Visual Studio Solution File, Format Version 12.00
# Visual Studio Version 16
VisualStudioVersion = 16.0.29613.14
MinimumVisualStudioVersion = 10.0.40219.1
Project("{FAE04EC0-301F-11D3-BF4B-00C04F79EFBC}") = "01-ByteBank", "01-ByteBank\01-ByteBank.csproj", "{58280631-6966-4F05-863D-A2EED91F6F1A}"
EndProject
Project("{FAE04EC0-301F-11D3-BF4B-00C04F79EFBC}") = "02-ByteBank", "02-ByteBank\02-ByteBank.csproj", "{3F17C175-FCBC-46D9-BA51-3A843B60C6DB}"
EndProject
Project("{FAE04EC0-301F-11D3-BF4B-00C04F79EFBC}") = "03-ByteBank", "03-ByteBank\03-ByteBank.csproj", "{AB159FE0-C555-4386-9AFC-E1F4C8FFB890}"
EndProject
Project("{FAE04EC0-301F-11D3-BF4B-00C04F79EFBC}") = "04-ByteBank", "04-ByteBank\04-ByteBank.csproj", "{762D5E53-16B1-46FA-83AB-78D68825A839}"
EndProject
Project("{FAE04EC0-301F-11D3-BF4B-00C04F79EFBC}") = "05-ByteBank", "05-ByteBank\05-ByteBank.csproj", "{DD57451B-442C-4079-9645-E4C797C4C7B2}"
EndProject
Global
	GlobalSection(SolutionConfigurationPlatforms) = preSolution
		Debug|Any CPU = Debug|Any CPU
		Release|Any CPU = Release|Any CPU
	EndGlobalSection
	GlobalSection(ProjectConfigurationPlatforms) = postSolution
		{58280631-6966-4F05-863D-A2EED91F6F1A}.Debug|Any CPU.ActiveCfg = Debug|Any CPU
		{58280631-6966-4F05-863D-A2EED91F6F1A}.Debug|Any CPU.Build.0 = Debug|Any CPU
		{58280631-6966-4F05-863D-A2EED91F6F1A}.Release|Any CPU.ActiveCfg = Release|Any CPU
		{58280631-6966-4F05-863D-A2EED91F6F1A}.Release|Any CPU.Build.0 = Release|Any CPU
		{3F17C175-FCBC-46D9-BA51-3A843B60C6DB}.Debug|Any CPU.ActiveCfg = Debug|Any CPU
		{3F17C175-FCBC-46D9-BA51-3A843B60C6DB}.Debug|Any CPU.Build.0 = Debug|Any CPU
		{3F17C175-FCBC-46D9-BA51-3A843B60C6DB}.Release|Any CPU.ActiveCfg = Release|Any CPU
		{3F17C175-FCBC-46D9-BA51-3A843B60C6DB}.Release|Any CPU.Build.0 = Release|Any CPU
		{AB159FE0-C555-4386-9AFC-E1F4C8FFB890}.Debug|Any CPU.ActiveCfg = Debug|Any CPU
		{AB159FE0-C555-4386-9AFC-E1F4C8FFB890}.Debug|Any CPU.Build.0 = Debug|Any CPU
		{AB159FE0-C555-4386-9AFC-E1F4C8FFB890}.Release|Any CPU.ActiveCfg = Release|Any CPU
		{AB159FE0-C555-4386-9AFC-E1F4C8FFB890}.Release|Any CPU.Build.0 = Release|Any CPU
		{762D5E53-16B1-46FA-83AB-78D68825A839}.Debug|Any CPU.ActiveCfg = Debug|Any CPU
		{762D5E53-16B1-46FA-83AB-78D68825A839}.Debug|Any CPU.Build.0 = Debug|Any CPU
		{762D5E53-16B1-46FA-83AB-78D68825A839}.Release|Any CPU.ActiveCfg = Release|Any CPU
		{762D5E53-16B1-46FA-83AB-78D68825A839}.Release|Any CPU.Build.0 = Release|Any CPU
		{DD57451B-442C-4079-9645-E4C797C4C7B2}.Debug|Any CPU.ActiveCfg = Debug|Any CPU
		{DD57451B-442C-4079-9645-E4C797C4C7B2}.Debug|Any CPU.Build.0 = Debug|Any CPU
		{DD57451B-442C-4079-9645-E4C797C4C7B2}.Release|Any CPU.ActiveCfg = Release|Any CPU
		{DD57451B-442C-4079-9645-E4C797C4C7B2}.Release|Any CPU.Build.0 = Release|Any CPU
	EndGlobalSection
	GlobalSection(SolutionProperties) = preSolution
		HideSolutionNode = FALSE
	EndGlobalSection
	GlobalSection(ExtensibilityGlobals) = postSolution
		SolutionGuid = {E5EB93FD-4AF7-46A8-9285-BACEBA89E5FD}
	EndGlobalSection
EndGlobal
